
Microsoft Visual Studio Solution File, Format Version 12.00
# Visual Studio Version 16
VisualStudioVersion = 16.0.31424.327
MinimumVisualStudioVersion = 10.0.40219.1
Project("{FAE04EC0-301F-11D3-BF4B-00C04F79EFBC}") = "WebApplication2", "WebApplication2.csproj", "{0726A2E2-38A2-4269-B86B-C481DC131A67}"
EndProject
Global
	GlobalSection(SolutionConfigurationPlatforms) = preSolution
		Debug|Any CPU = Debug|Any CPU
		Release|Any CPU = Release|Any CPU
	EndGlobalSection
	GlobalSection(ProjectConfigurationPlatforms) = postSolution
		{0726A2E2-38A2-4269-B86B-C481DC131A67}.Debug|Any CPU.ActiveCfg = Debug|Any CPU
		{0726A2E2-38A2-4269-B86B-C481DC131A67}.Debug|Any CPU.Build.0 = Debug|Any CPU
		{0726A2E2-38A2-4269-B86B-C481DC131A67}.Release|Any CPU.ActiveCfg = Release|Any CPU
		{0726A2E2-38A2-4269-B86B-C481DC131A67}.Release|Any CPU.Build.0 = Release|Any CPU
	EndGlobalSection
	GlobalSection(SolutionProperties) = preSolution
		HideSolutionNode = FALSE
	EndGlobalSection
	GlobalSection(ExtensibilityGlobals) = postSolution
		SolutionGuid = {5C049438-CCBD-43AD-8133-A767F31CA7F9}
	EndGlobalSection
EndGlobal
